{
  "version": 4,
  "terraform_version": "1.15.3",
  "serial": 3,
  "lineage": "efe0f923-c1c3-c43d-94e0-70d97e91b990",
  "outputs": {},
  "resources": [
    {
      "mode": "managed",
      "type": "aws_eks_cluster",
      "name": "edgeopshelmcluster",
      "provider": "provider[\"registry.terraform.io/hashicorp/aws\"]",
      "instances": [
        {
          "schema_version": 1,
          "attributes": {
            "access_config": [
              {
                "authentication_mode": "CONFIG_MAP",
                "bootstrap_cluster_creator_admin_permissions": true
              }
            ],
            "arn": "arn:aws:eks:us-east-1:682452625784:cluster/Edgeopshelmcluster",
            "bootstrap_self_managed_addons": false,
            "certificate_authority": [
              {
                "data": "LS0tLS1CRUdJTiBDRVJUSUZJQ0FURS0tLS0tCk1JSUN5RENDQWJDZ0F3SUJBZ0lCQURBTkJna3Foa2lHOXcwQkFRc0ZBREFWTVJNd0VRWURWUVFERXdwcmRXSmwKY201bGRHVnpNQjRYRFRFNU1EVXlNREU0TVRrMU0xb1hEVEk1TURVeE56RTRNVGsxTTFvd0ZURVRNQkVHQTFVRQpBeE1LYTNWaVpYSnVaWFJsY3pDQ0FTSXdEUVlKS29aSWh2Y05BUUVCQlFBRGdnRVBBRENDQVFvQ2dnRUJBSm16ClpuNlpNRThvajlpd3FRcGR1djFXcEwyNHNQZDhSSFFBa2hRODJlV05aQm1GY2ZxcGdTa3dkRDgxZGdpanY4bDYKOFFVRGJyMWVQbzI2dXNNa213TE5XU08zbkYrR0czMmJPbng5UVlSZTIvcld2ZUFOeFhnclZXRkhTL3FsUFR5MApNc2t3dmZ6aWZBTEcwUTJaQWtaS1JacHhncWMrTC9haUU1VExmb3JoSHR3OFNTZGhjNE5zSUNVOXc1bkVSb0tICnpsMG9Gb0FWZlI1VlJlaDE2bU13cUVXTHh4VEVrU1NwM3V4dEN6bDViTmhwd0NpemRZcFVPN2RPNkRMNU5Qa1gKaUo2S2c0dEdCQWN1dGI0R1o0SE8yR3RGVFNPYi9WUzZMaHNZU1R2bS9VT21WVUttTzFDVWNXM255b0RmbUJ6dQpLUHFzbmtMNVJBcmx0VmYrUnpjQ0F3RUFBYU1qTUNFd0RnWURWUjBQQVFIL0JBUURBZ0trTUE4R0ExVWRFd0VCCi93UUZNQU1CQWY4d0RRWUpLb1pJaHZjTkFRRUxCUUFEZ2dFQkFFK3pQamlXSlg0T0J4aTM2K3RTZVJVTmhyeXUKMHpPeXV6bkUxNzJNYnJBbW44Lzc1Yk1PbkRGVStRS2daV09xZ3ltT0p1RGgyZ1A3d1A5Q0VtZzc3NWNWQUNzSQpLUWFTK0FHMzhLdjhGcEdIWkdrZUYxd0N5QnFsQ0lVRVg3Q2x6NFZHQXVDd1d3TnB5WG1FMDVqRHhUMVdMa083ClZwcFpVc2VIQTY3K0E5ZkJscFM3a0ZQWG5uTlNpdisvTzRzOXB0ZWhkQzBKRHBJd0RFNDIxN212cjBhUWpEbE0KQU01N21OZ2VUWDRpbFZLbnYwMzdLVUdsbElyTTZ1SFdseXZ3R1k2dnRldkxoMEFjd0U0R1R1K2Y0S1gxVjkrNApRTkhjS2FoWFlKSWZJYmlnWjlnVGZmd1JiaFAxNStNNWhzOEZmNFdwVmNqS2RJaCtpNlYwQ2hBY0FlQT0KLS0tLS1FTkQgQ0VSVElGSUNBVEUtLS0tLQo="
              }
            ],
            "cluster_id": null,
            "compute_config": [],
            "control_plane_scaling_config": [
              {
                "tier": "standard"
              }
            ],
            "created_at": "2019-05-20T18:12:20Z",
            "deletion_protection": false,
            "enabled_cluster_log_types": [],
            "encryption_config": [],
            "endpoint": "https://2AF9929162464B3F398A3CB409F236DE.gr7.us-east-1.eks.amazonaws.com",
            "force_update_version": null,
            "id": "Edgeopshelmcluster",
            "identity": [
              {
                "oidc": [
                  {
                    "issuer": "https://oidc.eks.us-east-1.amazonaws.com/id/2AF9929162464B3F398A3CB409F236DE"
                  }
                ]
              }
            ],
            "kubernetes_network_config": [
              {
                "elastic_load_balancing": [
                  {
                    "enabled": false
                  }
                ],
                "ip_family": "ipv4",
                "service_ipv4_cidr": "10.100.0.0/16",
                "service_ipv6_cidr": ""
              }
            ],
            "name": "Edgeopshelmcluster",
            "outpost_config": [],
            "platform_version": "eks.34",
            "region": "us-east-1",
            "remote_network_config": [],
            "role_arn": "arn:aws:iam::682452625784:role/Ekshelmrole",
            "status": "ACTIVE",
            "storage_config": [],
            "tags": {
              "Owner": "PACE_hydra@ust.com",
              "mcm-app": "d337063fa50c487ca51c26a02df15ef3",
              "mcm-d": "7ea2ad33908c422eae4d52f878207300",
              "mcm-env": "8dd2f8baf71d4acbb9f598eff9092393",
              "mcm-p": "a9555a6962b74194baf95190a9fd6dbf",
              "project": "DAgility"
            },
            "tags_all": {
              "Owner": "PACE_hydra@ust.com",
              "mcm-app": "d337063fa50c487ca51c26a02df15ef3",
              "mcm-d": "7ea2ad33908c422eae4d52f878207300",
              "mcm-env": "8dd2f8baf71d4acbb9f598eff9092393",
              "mcm-p": "a9555a6962b74194baf95190a9fd6dbf",
              "project": "DAgility"
            },
            "timeouts": null,
            "upgrade_policy": [
              {
                "support_type": "EXTENDED"
              }
            ],
            "version": "1.33",
            "vpc_config": [
              {
                "cluster_security_group_id": "sg-05c3d1c87411f8d5d",
                "endpoint_private_access": true,
                "endpoint_public_access": true,
                "public_access_cidrs": [
                  "35.172.2.201/32",
                  "52.1.62.207/32",
                  "54.167.139.34/32"
                ],
                "security_group_ids": [
                  "sg-095178f5a628985c9"
                ],
                "subnet_ids": [
                  "subnet-00fa03bc15525e15c",
                  "subnet-04b1f7610710989f4",
                  "subnet-0c9056c917d94768e"
                ],
                "vpc_id": "vpc-03faa642e5ca94a2d"
              }
            ],
            "zonal_shift_config": []
          },
          "sensitive_attributes": [],
          "identity_schema_version": 0,
          "private": "eyJlMmJmYjczMC1lY2FhLTExZTYtOGY4OC0zNDM2M2JjN2M0YzAiOnsiY3JlYXRlIjoxODAwMDAwMDAwMDAwLCJkZWxldGUiOjkwMDAwMDAwMDAwMCwidXBkYXRlIjozNjAwMDAwMDAwMDAwfSwic2NoZW1hX3ZlcnNpb24iOiIxIn0="
        }
      ]
    },
    {
      "mode": "managed",
      "type": "aws_s3_bucket",
      "name": "cloudfront_logs_bucket",
      "provider": "provider[\"registry.terraform.io/hashicorp/aws\"]",
      "instances": [
        {
          "schema_version": 0,
          "attributes": {
            "acceleration_status": "",
            "acl": null,
            "arn": "arn:aws:s3:::amazon-cloudfront-secure-static-site-s3bucketlogs-yq5t0b34xw7i",
            "bucket": "amazon-cloudfront-secure-static-site-s3bucketlogs-yq5t0b34xw7i",
            "bucket_domain_name": "amazon-cloudfront-secure-static-site-s3bucketlogs-yq5t0b34xw7i.s3.amazonaws.com",
            "bucket_prefix": "",
            "bucket_region": "us-east-1",
            "bucket_regional_domain_name": "amazon-cloudfront-secure-static-site-s3bucketlogs-yq5t0b34xw7i.s3.us-east-1.amazonaws.com",
            "cors_rule": [],
            "force_destroy": false,
            "grant": [
              {
                "id": "",
                "permissions": [
                  "READ_ACP",
                  "WRITE"
                ],
                "type": "Group",
                "uri": "http://acs.amazonaws.com/groups/s3/LogDelivery"
              },
              {
                "id": "78d7d8174c655d51683784593fe4e6f74a7ed3fae3127d2beca2ad39e4fdc79a",
                "permissions": [
                  "FULL_CONTROL"
                ],
                "type": "CanonicalUser",
                "uri": ""
              },
              {
                "id": "c4c1ede66af53448b93c283ce9448c4ba468c9432aa01d700d3878632f77d2d0",
                "permissions": [
                  "FULL_CONTROL"
                ],
                "type": "CanonicalUser",
                "uri": ""
              }
            ],
            "hosted_zone_id": "Z3AQBSTGFYJSTF",
            "id": "amazon-cloudfront-secure-static-site-s3bucketlogs-yq5t0b34xw7i",
            "lifecycle_rule": [],
            "logging": [],
            "object_lock_configuration": [],
            "object_lock_enabled": false,
            "policy": "",
            "region": "us-east-1",
            "replication_configuration": [],
            "request_payer": "BucketOwner",
            "server_side_encryption_configuration": [
              {
                "rule": [
                  {
                    "apply_server_side_encryption_by_default": [
                      {
                        "kms_master_key_id": "",
                        "sse_algorithm": "AES256"
                      }
                    ],
                    "bucket_key_enabled": false
                  }
                ]
              }
            ],
            "tags": {
              "Solution": "ACFS3"
            },
            "tags_all": {
              "Solution": "ACFS3"
            },
            "timeouts": null,
            "versioning": [
              {
                "enabled": false,
                "mfa_delete": false
              }
            ],
            "website": [],
            "website_domain": null,
            "website_endpoint": null
          },
          "sensitive_attributes": [],
          "identity_schema_version": 0,
          "identity": {
            "account_id": "",
            "bucket": "amazon-cloudfront-secure-static-site-s3bucketlogs-yq5t0b34xw7i",
            "region": "us-east-1"
          },
          "private": "eyJlMmJmYjczMC1lY2FhLTExZTYtOGY4OC0zNDM2M2JjN2M0YzAiOnsiY3JlYXRlIjoxMjAwMDAwMDAwMDAwLCJkZWxldGUiOjM2MDAwMDAwMDAwMDAsInJlYWQiOjEyMDAwMDAwMDAwMDAsInVwZGF0ZSI6MTIwMDAwMDAwMDAwMH0sInNjaGVtYV92ZXJzaW9uIjoiMCJ9"
        }
      ]
    },
    {
      "mode": "managed",
      "type": "aws_s3_bucket",
      "name": "cloudfront_root_bucket",
      "provider": "provider[\"registry.terraform.io/hashicorp/aws\"]",
      "instances": [
        {
          "schema_version": 0,
          "attributes": {
            "acceleration_status": "",
            "acl": null,
            "arn": "arn:aws:s3:::amazon-cloudfront-secure-static-site-s3bucketroot-camuye2j1m5u",
            "bucket": "amazon-cloudfront-secure-static-site-s3bucketroot-camuye2j1m5u",
            "bucket_domain_name": "amazon-cloudfront-secure-static-site-s3bucketroot-camuye2j1m5u.s3.amazonaws.com",
            "bucket_prefix": "",
            "bucket_region": "us-east-1",
            "bucket_regional_domain_name": "amazon-cloudfront-secure-static-site-s3bucketroot-camuye2j1m5u.s3.us-east-1.amazonaws.com",
            "cors_rule": [],
            "force_destroy": false,
            "grant": [
              {
                "id": "78d7d8174c655d51683784593fe4e6f74a7ed3fae3127d2beca2ad39e4fdc79a",
                "permissions": [
                  "FULL_CONTROL"
                ],
                "type": "CanonicalUser",
                "uri": ""
              }
            ],
            "hosted_zone_id": "Z3AQBSTGFYJSTF",
            "id": "amazon-cloudfront-secure-static-site-s3bucketroot-camuye2j1m5u",
            "lifecycle_rule": [],
            "logging": [
              {
                "target_bucket": "amazon-cloudfront-secure-static-site-s3bucketlogs-yq5t0b34xw7i",
                "target_prefix": "origin/"
              }
            ],
            "object_lock_configuration": [],
            "object_lock_enabled": false,
            "policy": "{\"Statement\":[{\"Action\":\"s3:GetObject\",\"Effect\":\"Allow\",\"Principal\":{\"AWS\":\"arn:aws:iam::cloudfront:user/CloudFront Origin Access Identity E1S0WUJH2OCSGK\"},\"Resource\":\"arn:aws:s3:::amazon-cloudfront-secure-static-site-s3bucketroot-camuye2j1m5u/*\"}],\"Version\":\"2012-10-17\"}",
            "region": "us-east-1",
            "replication_configuration": [],
            "request_payer": "BucketOwner",
            "server_side_encryption_configuration": [
              {
                "rule": [
                  {
                    "apply_server_side_encryption_by_default": [
                      {
                        "kms_master_key_id": "",
                        "sse_algorithm": "AES256"
                      }
                    ],
                    "bucket_key_enabled": false
                  }
                ]
              }
            ],
            "tags": {
              "Solution": "ACFS3"
            },
            "tags_all": {
              "Solution": "ACFS3"
            },
            "timeouts": null,
            "versioning": [
              {
                "enabled": false,
                "mfa_delete": false
              }
            ],
            "website": [],
            "website_domain": null,
            "website_endpoint": null
          },
          "sensitive_attributes": [],
          "identity_schema_version": 0,
          "identity": {
            "account_id": "",
            "bucket": "amazon-cloudfront-secure-static-site-s3bucketroot-camuye2j1m5u",
            "region": "us-east-1"
          },
          "private": "eyJlMmJmYjczMC1lY2FhLTExZTYtOGY4OC0zNDM2M2JjN2M0YzAiOnsiY3JlYXRlIjoxMjAwMDAwMDAwMDAwLCJkZWxldGUiOjM2MDAwMDAwMDAwMDAsInJlYWQiOjEyMDAwMDAwMDAwMDAsInVwZGF0ZSI6MTIwMDAwMDAwMDAwMH0sInNjaGVtYV92ZXJzaW9uIjoiMCJ9"
        }
      ]
    }
  ],
  "check_results": null
}
